PODS:
  - FasterVerificationCode (0.1.0)

DEPENDENCIES:
  - FasterVerificationCode (from `../`)

EXTERNAL SOURCES:
  FasterVerificationCode:
    :path: ../

SPEC CHECKSUMS:
  FasterVerificationCode: bbea7956d6438b48c597bbaa8414afb45030e41d

PODFILE CHECKSUM: 9ce18baba48672569709e2bdc2a80c03e1cdf0bd

COCOAPODS: 1.4.0
