{
  "object": {
    "pins": [
      {
        "package": "FasterVerificationCode",
        "repositoryURL": "https://github.com/posix88/FasterVerificationCode",
        "state": {
          "branch": "master",
          "revision": "bc39e73fc5d6f910961b27d431656c3db949539b",
          "version": null
        }
      }
    ]
  },
  "version": 1
}
